github.com/boggydigital/camino v0.2.11 h1:kNi2Mwq8KUtKt5E2L1XrEcl+FAFU22KVbvbTRKmD3zs=
github.com/boggydigital/camino v0.2.11/go.mod h1:UuW3eJP/wrm1VkNPvvNETKisvQymCD1d2a8KIe6J6cI=
github.com/boggydigital/camino v0.2.13 h1:fR1Ir+wLSY4FhaqT09t9iCgokNbTrnQmmKVEsVNSBXY=
github.com/boggydigital/camino v0.2.13/go.mod h1:UuW3eJP/wrm1VkNPvvNETKisvQymCD1d2a8KIe6J6cI=
github.com/boggydigital/kevlar v0.6.10 h1:Irkt2hWpjbrHRnt+aMejuO3dpP59fLTC9jm5q35m7u8=
github.com/boggydigital/kevlar v0.6.10/go.mod h1:+M+TNjAuj5TQ+MBxmOa7pUdcbLfvZg+H4rhpNtulNN8=
github.com/boggydigital/kevlar v0.6.13 h1:Xl4shLJVbxd/jRBktJFrqtm/J+I863yBfGy79heRkOI=
github.com/boggydigital/kevlar v0.6.13/go.mod h1:qGQojbgP9+XY2gy6rkBMtiRf2OqxE0M7TcXFofCFM60=
github.com/boggydigital/pathways v0.2.1 h1:yf7LjvBlY7EfaLwrCDYJTxJe3XXS+DyZBWFFMJ7ipWo=
github.com/boggydigital/pathways v0.2.1/go.mod h1:4zo+EQWew/KR0h2zOCtZQq6DL7zvhdDOcHWXm17nYDI=
github.com/boggydigital/redux v0.1.11 h1:o1O+SuoHR7xoGtgs4GSF9rc1JhTl9WhOhFL3fJKxOyo=
github.com/boggydigital/redux v0.1.11/go.mod h1:vjmX7ffyfOdu3WKky6yX2QNi06S4WK2xDaMv93XD6kg=
github.com/boggydigital/redux v0.1.12 h1:NCZTKt1POxW1Fh9JWtneCFOOnfGtX0huMpgmNeuPnXU=
github.com/boggydigital/redux v0.1.12/go.mod h1:5TkhPsjyEaYQp0+NW2xfVnHfaFQY5HRhoqLZCFU5Lt0=
github.com/boggydigital/testo v0.1.8 h1:NKuKLpWKn8gG3dYq8xNrFYHimxoCTdzLOs242q6jeQo=
github.com/boggydigital/testo v0.1.8/go.mod h1:8JTO6UKeQPsHS82vbCH/3NLDfewmr/84vVQ6rNLdCas=
golang.org/x/crypto v0.46.0 h1:cKRW/pmt1pKAfetfu+RCEvjvZkA9RimPbh7bhFjGVBU=
golang.org/x/crypto v0.46.0/go.mod h1:Evb/oLKmMraqjZ2iQTwDwvCtJkczlDuTmdJXoZVzqU0=
golang.org/x/crypto v0.53.0 h1:QZ4Muo8THX6CizN2vPPd5fBGHyogrdK9fG4wLPFUsto=
golang.org/x/crypto v0.53.0/go.mod h1:DNLU434OwVakk9PzuwV8w62mAJpRJL3vsgcfp4Qnsio=
golang.org/x/net v0.56.0 h1:Rw8j/hFzGvJUZwNBXnAtf5sVDVt+65SK2C7IxCxZt5o=
golang.org/x/net v0.56.0/go.mod h1:D3Ku6r+V6JROoZK144D2XfMHFcMq/0zSfLelVTCFKec=
